
Microsoft Visual Studio Solution File, Format Version 12.00
# Visual Studio Version 17
VisualStudioVersion = 17.5.33516.290
MinimumVisualStudioVersion = 10.0.40219.1
Project("{FAE04EC0-301F-11D3-BF4B-00C04F79EFBC}") = "WebApplication1", "WebApplication1.csproj", "{BB1E8027-319F-46EF-B45A-1D71B2F7793B}"
EndProject
Project("{FAE04EC0-301F-11D3-BF4B-00C04F79EFBC}") = "ConsoleApp1", "..\ConsoleApp1\ConsoleApp1.csproj", "{AC42AAA9-85E0-42C4-A949-A483DB6839BE}"
EndProject
Global
	GlobalSection(SolutionConfigurationPlatforms) = preSolution
		Debug|Any CPU = Debug|Any CPU
		Release|Any CPU = Release|Any CPU
	EndGlobalSection
	GlobalSection(ProjectConfigurationPlatforms) = postSolution
		{BB1E8027-319F-46EF-B45A-1D71B2F7793B}.Debug|Any CPU.ActiveCfg = Debug|Any CPU
		{BB1E8027-319F-46EF-B45A-1D71B2F7793B}.Debug|Any CPU.Build.0 = Debug|Any CPU
		{BB1E8027-319F-46EF-B45A-1D71B2F7793B}.Release|Any CPU.ActiveCfg = Release|Any CPU
		{BB1E8027-319F-46EF-B45A-1D71B2F7793B}.Release|Any CPU.Build.0 = Release|Any CPU
		{AC42AAA9-85E0-42C4-A949-A483DB6839BE}.Debug|Any CPU.ActiveCfg = Debug|Any CPU
		{AC42AAA9-85E0-42C4-A949-A483DB6839BE}.Debug|Any CPU.Build.0 = Debug|Any CPU
		{AC42AAA9-85E0-42C4-A949-A483DB6839BE}.Release|Any CPU.ActiveCfg = Release|Any CPU
		{AC42AAA9-85E0-42C4-A949-A483DB6839BE}.Release|Any CPU.Build.0 = Release|Any CPU
	EndGlobalSection
	GlobalSection(SolutionProperties) = preSolution
		HideSolutionNode = FALSE
	EndGlobalSection
	GlobalSection(ExtensibilityGlobals) = postSolution
		SolutionGuid = {10FC8ABA-E88F-4B4C-97C3-60E36ACD6C4E}
	EndGlobalSection
EndGlobal
